
Microsoft Visual Studio Solution File, Format Version 12.00
# Visual Studio Version 16
VisualStudioVersion = 16.0.29411.108
MinimumVisualStudioVersion = 10.0.40219.1
Project("{FAE04EC0-301F-11D3-BF4B-00C04F79EFBC}") = "LojaVirtual", "LojaVirtual.csproj", "{17C23D76-86B0-46F1-A86A-8B2F64E973FB}"
EndProject
Global
	GlobalSection(SolutionConfigurationPlatforms) = preSolution
		Debug|Any CPU = Debug|Any CPU
		Release|Any CPU = Release|Any CPU
	EndGlobalSection
	GlobalSection(ProjectConfigurationPlatforms) = postSolution
		{17C23D76-86B0-46F1-A86A-8B2F64E973FB}.Debug|Any CPU.ActiveCfg = Debug|Any CPU
		{17C23D76-86B0-46F1-A86A-8B2F64E973FB}.Debug|Any CPU.Build.0 = Debug|Any CPU
		{17C23D76-86B0-46F1-A86A-8B2F64E973FB}.Release|Any CPU.ActiveCfg = Release|Any CPU
		{17C23D76-86B0-46F1-A86A-8B2F64E973FB}.Release|Any CPU.Build.0 = Release|Any CPU
	EndGlobalSection
	GlobalSection(SolutionProperties) = preSolution
		HideSolutionNode = FALSE
	EndGlobalSection
	GlobalSection(ExtensibilityGlobals) = postSolution
		SolutionGuid = {BCCDF6AD-1A70-4D43-A35A-66C0D22E7AA9}
	EndGlobalSection
EndGlobal
